
Microsoft Visual Studio Solution File, Format Version 12.00
# Visual Studio Version 16
VisualStudioVersion = 16.0.31025.194
MinimumVisualStudioVersion = 10.0.40219.1
Project("{9A19103F-16F7-4668-BE54-9A1E7A4F7556}") = "Trader.App", "Trader.App\Trader.App.csproj", "{FFDD16E1-EC64-436D-ACDE-2DD9FD8818BC}"
EndProject
Project("{9A19103F-16F7-4668-BE54-9A1E7A4F7556}") = "Trader.Core", "Trader.Core\Trader.Core.csproj", "{74177DDE-E852-4BB7-B926-2989C21AA1C2}"
EndProject
Project("{9A19103F-16F7-4668-BE54-9A1E7A4F7556}") = "Trader.Core.Abstractions", "Trader.Core.Abstractions\Trader.Core.Abstractions.csproj", "{13B91BA8-3AB2-4389-89EE-6E1F4D39F288}"
EndProject
Project("{9A19103F-16F7-4668-BE54-9A1E7A4F7556}") = "Trader.Trading.Abstractions", "Trader.Trading.Abstractions\Trader.Trading.Abstractions.csproj", "{02D339DF-5598-463C-8117-E41998A4732D}"
EndProject
Project("{9A19103F-16F7-4668-BE54-9A1E7A4F7556}") = "Trader.Trading", "Trader.Trading\Trader.Trading.csproj", "{BEB63F0E-15FA-40B1-9F58-E493102BE4FB}"
EndProject
Project("{9A19103F-16F7-4668-BE54-9A1E7A4F7556}") = "Trader.Data", "Trader.Data\Trader.Data.csproj", "{4D0FCDF9-806F-4B87-B35F-B55CAD9505A4}"
EndProject
Project("{9A19103F-16F7-4668-BE54-9A1E7A4F7556}") = "Trader.Data.Abstractions", "Trader.Data.Abstractions\Trader.Data.Abstractions.csproj", "{7A57C8A2-75CA-4B96-AA14-93C957EC0595}"
EndProject
Project("{2150E333-8FDC-42A3-9474-1A3956D46DE8}") = "Tests", "Tests", "{724871D8-46E7-4280-B828-D6A28360E820}"
EndProject
Project("{FAE04EC0-301F-11D3-BF4B-00C04F79EFBC}") = "Trader.Core.Abstractions.Tests", "Trader.Core.Abstractions.Tests\Trader.Core.Abstractions.Tests.csproj", "{729AB0D1-29A1-439E-A678-E11CC89C0633}"
EndProject
Global
	GlobalSection(SolutionConfigurationPlatforms) = preSolution
		Debug|Any CPU = Debug|Any CPU
		Release|Any CPU = Release|Any CPU
	EndGlobalSection
	GlobalSection(ProjectConfigurationPlatforms) = postSolution
		{FFDD16E1-EC64-436D-ACDE-2DD9FD8818BC}.Debug|Any CPU.ActiveCfg = Debug|Any CPU
		{FFDD16E1-EC64-436D-ACDE-2DD9FD8818BC}.Debug|Any CPU.Build.0 = Debug|Any CPU
		{FFDD16E1-EC64-436D-ACDE-2DD9FD8818BC}.Release|Any CPU.ActiveCfg = Release|Any CPU
		{FFDD16E1-EC64-436D-ACDE-2DD9FD8818BC}.Release|Any CPU.Build.0 = Release|Any CPU
		{74177DDE-E852-4BB7-B926-2989C21AA1C2}.Debug|Any CPU.ActiveCfg = Debug|Any CPU
		{74177DDE-E852-4BB7-B926-2989C21AA1C2}.Debug|Any CPU.Build.0 = Debug|Any CPU
		{74177DDE-E852-4BB7-B926-2989C21AA1C2}.Release|Any CPU.ActiveCfg = Release|Any CPU
		{74177DDE-E852-4BB7-B926-2989C21AA1C2}.Release|Any CPU.Build.0 = Release|Any CPU
		{13B91BA8-3AB2-4389-89EE-6E1F4D39F288}.Debug|Any CPU.ActiveCfg = Debug|Any CPU
		{13B91BA8-3AB2-4389-89EE-6E1F4D39F288}.Debug|Any CPU.Build.0 = Debug|Any CPU
		{13B91BA8-3AB2-4389-89EE-6E1F4D39F288}.Release|Any CPU.ActiveCfg = Release|Any CPU
		{13B91BA8-3AB2-4389-89EE-6E1F4D39F288}.Release|Any CPU.Build.0 = Release|Any CPU
		{02D339DF-5598-463C-8117-E41998A4732D}.Debug|Any CPU.ActiveCfg = Debug|Any CPU
		{02D339DF-5598-463C-8117-E41998A4732D}.Debug|Any CPU.Build.0 = Debug|Any CPU
		{02D339DF-5598-463C-8117-E41998A4732D}.Release|Any CPU.ActiveCfg = Release|Any CPU
		{02D339DF-5598-463C-8117-E41998A4732D}.Release|Any CPU.Build.0 = Release|Any CPU
		{BEB63F0E-15FA-40B1-9F58-E493102BE4FB}.Debug|Any CPU.ActiveCfg = Debug|Any CPU
		{BEB63F0E-15FA-40B1-9F58-E493102BE4FB}.Debug|Any CPU.Build.0 = Debug|Any CPU
		{BEB63F0E-15FA-40B1-9F58-E493102BE4FB}.Release|Any CPU.ActiveCfg = Release|Any CPU
		{BEB63F0E-15FA-40B1-9F58-E493102BE4FB}.Release|Any CPU.Build.0 = Release|Any CPU
		{4D0FCDF9-806F-4B87-B35F-B55CAD9505A4}.Debug|Any CPU.ActiveCfg = Debug|Any CPU
		{4D0FCDF9-806F-4B87-B35F-B55CAD9505A4}.Debug|Any CPU.Build.0 = Debug|Any CPU
		{4D0FCDF9-806F-4B87-B35F-B55CAD9505A4}.Release|Any CPU.ActiveCfg = Release|Any CPU
		{4D0FCDF9-806F-4B87-B35F-B55CAD9505A4}.Release|Any CPU.Build.0 = Release|Any CPU
		{7A57C8A2-75CA-4B96-AA14-93C957EC0595}.Debug|Any CPU.ActiveCfg = Debug|Any CPU
		{7A57C8A2-75CA-4B96-AA14-93C957EC0595}.Debug|Any CPU.Build.0 = Debug|Any CPU
		{7A57C8A2-75CA-4B96-AA14-93C957EC0595}.Release|Any CPU.ActiveCfg = Release|Any CPU
		{7A57C8A2-75CA-4B96-AA14-93C957EC0595}.Release|Any CPU.Build.0 = Release|Any CPU
		{729AB0D1-29A1-439E-A678-E11CC89C0633}.Debug|Any CPU.ActiveCfg = Debug|Any CPU
		{729AB0D1-29A1-439E-A678-E11CC89C0633}.Debug|Any CPU.Build.0 = Debug|Any CPU
		{729AB0D1-29A1-439E-A678-E11CC89C0633}.Release|Any CPU.ActiveCfg = Release|Any CPU
		{729AB0D1-29A1-439E-A678-E11CC89C0633}.Release|Any CPU.Build.0 = Release|Any CPU
	EndGlobalSection
	GlobalSection(SolutionProperties) = preSolution
		HideSolutionNode = FALSE
	EndGlobalSection
	GlobalSection(NestedProjects) = preSolution
		{729AB0D1-29A1-439E-A678-E11CC89C0633} = {724871D8-46E7-4280-B828-D6A28360E820}
	EndGlobalSection
	GlobalSection(ExtensibilityGlobals) = postSolution
		SolutionGuid = {7716D8A4-6E15-41AB-90E0-DE40D69C82EE}
	EndGlobalSection
EndGlobal
