
Microsoft Visual Studio Solution File, Format Version 12.00
# Visual Studio Version 16
VisualStudioVersion = 16.0.31025.194
MinimumVisualStudioVersion = 10.0.40219.1
Project("{9A19103F-16F7-4668-BE54-9A1E7A4F7556}") = "Trader.App", "Trader.App\Trader.App.csproj", "{FFDD16E1-EC64-436D-ACDE-2DD9FD8818BC}"
EndProject
Project("{9A19103F-16F7-4668-BE54-9A1E7A4F7556}") = "Trader.Core", "Trader.Core\Trader.Core.csproj", "{74177DDE-E852-4BB7-B926-2989C21AA1C2}"
EndProject
Project("{9A19103F-16F7-4668-BE54-9A1E7A4F7556}") = "Trader.Core.Abstractions", "Trader.Core.Abstractions\Trader.Core.Abstractions.csproj", "{13B91BA8-3AB2-4389-89EE-6E1F4D39F288}"
EndProject
Project("{9A19103F-16F7-4668-BE54-9A1E7A4F7556}") = "Trader.Trading.Abstractions", "Trader.Trading.Abstractions\Trader.Trading.Abstractions.csproj", "{02D339DF-5598-463C-8117-E41998A4732D}"
EndProject
Project("{9A19103F-16F7-4668-BE54-9A1E7A4F7556}") = "Trader.Trading", "Trader.Trading\Trader.Trading.csproj", "{BEB63F0E-15FA-40B1-9F58-E493102BE4FB}"
EndProject
Project("{9A19103F-16F7-4668-BE54-9A1E7A4F7556}") = "Trader.Data.Abstractions", "Trader.Data.Abstractions\Trader.Data.Abstractions.csproj", "{7A57C8A2-75CA-4B96-AA14-93C957EC0595}"
EndProject
Project("{2150E333-8FDC-42A3-9474-1A3956D46DE8}") = "Tests", "Tests", "{724871D8-46E7-4280-B828-D6A28360E820}"
EndProject
Project("{9A19103F-16F7-4668-BE54-9A1E7A4F7556}") = "Trader.Core.Abstractions.Tests", "Trader.Core.Abstractions.Tests\Trader.Core.Abstractions.Tests.csproj", "{729AB0D1-29A1-439E-A678-E11CC89C0633}"
EndProject
Project("{9A19103F-16F7-4668-BE54-9A1E7A4F7556}") = "Trader.Core.Tests", "Trader.Core.Tests\Trader.Core.Tests.csproj", "{1BEBBA8C-6E13-4F57-89DC-4C466E422BB3}"
EndProject
Project("{00D1A9C2-B5F0-4AF3-8072-F6C62B433612}") = "Trader.Data.Sql.Database", "Trader.Data.Sql.Database\Trader.Data.Sql.Database.sqlproj", "{08EF872D-10FB-4998-8383-AE99F4C17192}"
EndProject
Project("{9A19103F-16F7-4668-BE54-9A1E7A4F7556}") = "Trader.Data.Sql", "Trader.Data.Sql\Trader.Data.Sql.csproj", "{339E3D77-EF21-40C2-A017-56C17ACC6EC0}"
EndProject
Project("{9A19103F-16F7-4668-BE54-9A1E7A4F7556}") = "Trader.Trading.Tests", "Trader.Trading.Tests\Trader.Trading.Tests.csproj", "{7E5752AD-4F91-45BB-8042-C271EDF04DEC}"
EndProject
Project("{9A19103F-16F7-4668-BE54-9A1E7A4F7556}") = "Trader.Models", "Trader.Models\Trader.Models.csproj", "{D8DC17A0-59A4-42E9-8267-A3B2E5E94395}"
EndProject
Project("{9A19103F-16F7-4668-BE54-9A1E7A4F7556}") = "Trader.Models.Tests", "Trader.Models.Tests\Trader.Models.Tests.csproj", "{DC8BFA1D-F3E3-4F95-9ED6-6536ED64FF53}"
EndProject
Project("{9A19103F-16F7-4668-BE54-9A1E7A4F7556}") = "Trader.Data.Sql.Tests", "Trader.Data.Sql.Tests\Trader.Data.Sql.Tests.csproj", "{AC8B8F17-6688-4C1C-B11A-1AAC13D869FA}"
EndProject
Project("{9A19103F-16F7-4668-BE54-9A1E7A4F7556}") = "Trader.Hosting", "Trader.Hosting\Trader.Hosting.csproj", "{7D82A67E-17B7-4073-84B0-27F78FF8EDBE}"
EndProject
Project("{9A19103F-16F7-4668-BE54-9A1E7A4F7556}") = "Trader.Hosting.Abstractions", "Trader.Hosting.Abstractions\Trader.Hosting.Abstractions.csproj", "{9A189382-A594-4350-89EE-39F72C7B311D}"
EndProject
Project("{9A19103F-16F7-4668-BE54-9A1E7A4F7556}") = "Trader.Trading.Binance", "Trader.Trading.Binance\Trader.Trading.Binance.csproj", "{9114AF79-F4B1-4F97-8B72-DB8110568926}"
EndProject
Project("{9A19103F-16F7-4668-BE54-9A1E7A4F7556}") = "Trader.Dashboard", "Trader.Dashboard\Trader.Dashboard.csproj", "{2FD3F128-3DC0-4D4E-BFE7-318D0BEF07F6}"
EndProject
Project("{9A19103F-16F7-4668-BE54-9A1E7A4F7556}") = "Trader.Dashboard.WebApp", "Trader.Dashboard.WebApp\Trader.Dashboard.WebApp.csproj", "{CA238D76-74A2-4C5C-9A96-A6534457A2BE}"
EndProject
Project("{2150E333-8FDC-42A3-9474-1A3956D46DE8}") = "Bechmarks", "Bechmarks", "{97714005-5BCD-475B-823D-C7744EE49DB2}"
EndProject
Project("{9A19103F-16F7-4668-BE54-9A1E7A4F7556}") = "Trader.Trading.Indicators.Benchmarks", "Trader.Trading.Indicators.Benchmarks\Trader.Trading.Indicators.Benchmarks.csproj", "{7B60FAB9-BCA0-4542-B4DB-75F630B58F9D}"
EndProject
Project("{00D1A9C2-B5F0-4AF3-8072-F6C62B433612}") = "Trader.Orleans.Database", "Trader.Orleans.Database\Trader.Orleans.Database.sqlproj", "{FB4CD7EA-BEC9-4E13-B475-9CD2DE19CC2A}"
EndProject
Project("{2150E333-8FDC-42A3-9474-1A3956D46DE8}") = "Solution Items", "Solution Items", "{710DBF4E-B526-4946-9626-A62CE3315FCD}"
	ProjectSection(SolutionItems) = preProject
		Directory.Build.props = Directory.Build.props
		global.json = global.json
	EndProjectSection
EndProject
Global
	GlobalSection(SolutionConfigurationPlatforms) = preSolution
		Debug|Any CPU = Debug|Any CPU
		Release|Any CPU = Release|Any CPU
	EndGlobalSection
	GlobalSection(ProjectConfigurationPlatforms) = postSolution
		{FFDD16E1-EC64-436D-ACDE-2DD9FD8818BC}.Debug|Any CPU.ActiveCfg = Debug|Any CPU
		{FFDD16E1-EC64-436D-ACDE-2DD9FD8818BC}.Debug|Any CPU.Build.0 = Debug|Any CPU
		{FFDD16E1-EC64-436D-ACDE-2DD9FD8818BC}.Release|Any CPU.ActiveCfg = Release|Any CPU
		{FFDD16E1-EC64-436D-ACDE-2DD9FD8818BC}.Release|Any CPU.Build.0 = Release|Any CPU
		{74177DDE-E852-4BB7-B926-2989C21AA1C2}.Debug|Any CPU.ActiveCfg = Debug|Any CPU
		{74177DDE-E852-4BB7-B926-2989C21AA1C2}.Debug|Any CPU.Build.0 = Debug|Any CPU
		{74177DDE-E852-4BB7-B926-2989C21AA1C2}.Release|Any CPU.ActiveCfg = Release|Any CPU
		{74177DDE-E852-4BB7-B926-2989C21AA1C2}.Release|Any CPU.Build.0 = Release|Any CPU
		{13B91BA8-3AB2-4389-89EE-6E1F4D39F288}.Debug|Any CPU.ActiveCfg = Debug|Any CPU
		{13B91BA8-3AB2-4389-89EE-6E1F4D39F288}.Debug|Any CPU.Build.0 = Debug|Any CPU
		{13B91BA8-3AB2-4389-89EE-6E1F4D39F288}.Release|Any CPU.ActiveCfg = Release|Any CPU
		{13B91BA8-3AB2-4389-89EE-6E1F4D39F288}.Release|Any CPU.Build.0 = Release|Any CPU
		{02D339DF-5598-463C-8117-E41998A4732D}.Debug|Any CPU.ActiveCfg = Debug|Any CPU
		{02D339DF-5598-463C-8117-E41998A4732D}.Debug|Any CPU.Build.0 = Debug|Any CPU
		{02D339DF-5598-463C-8117-E41998A4732D}.Release|Any CPU.ActiveCfg = Release|Any CPU
		{02D339DF-5598-463C-8117-E41998A4732D}.Release|Any CPU.Build.0 = Release|Any CPU
		{BEB63F0E-15FA-40B1-9F58-E493102BE4FB}.Debug|Any CPU.ActiveCfg = Debug|Any CPU
		{BEB63F0E-15FA-40B1-9F58-E493102BE4FB}.Debug|Any CPU.Build.0 = Debug|Any CPU
		{BEB63F0E-15FA-40B1-9F58-E493102BE4FB}.Release|Any CPU.ActiveCfg = Release|Any CPU
		{BEB63F0E-15FA-40B1-9F58-E493102BE4FB}.Release|Any CPU.Build.0 = Release|Any CPU
		{7A57C8A2-75CA-4B96-AA14-93C957EC0595}.Debug|Any CPU.ActiveCfg = Debug|Any CPU
		{7A57C8A2-75CA-4B96-AA14-93C957EC0595}.Debug|Any CPU.Build.0 = Debug|Any CPU
		{7A57C8A2-75CA-4B96-AA14-93C957EC0595}.Release|Any CPU.ActiveCfg = Release|Any CPU
		{7A57C8A2-75CA-4B96-AA14-93C957EC0595}.Release|Any CPU.Build.0 = Release|Any CPU
		{729AB0D1-29A1-439E-A678-E11CC89C0633}.Debug|Any CPU.ActiveCfg = Debug|Any CPU
		{729AB0D1-29A1-439E-A678-E11CC89C0633}.Debug|Any CPU.Build.0 = Debug|Any CPU
		{729AB0D1-29A1-439E-A678-E11CC89C0633}.Release|Any CPU.ActiveCfg = Release|Any CPU
		{729AB0D1-29A1-439E-A678-E11CC89C0633}.Release|Any CPU.Build.0 = Release|Any CPU
		{1BEBBA8C-6E13-4F57-89DC-4C466E422BB3}.Debug|Any CPU.ActiveCfg = Debug|Any CPU
		{1BEBBA8C-6E13-4F57-89DC-4C466E422BB3}.Debug|Any CPU.Build.0 = Debug|Any CPU
		{1BEBBA8C-6E13-4F57-89DC-4C466E422BB3}.Release|Any CPU.ActiveCfg = Release|Any CPU
		{1BEBBA8C-6E13-4F57-89DC-4C466E422BB3}.Release|Any CPU.Build.0 = Release|Any CPU
		{08EF872D-10FB-4998-8383-AE99F4C17192}.Debug|Any CPU.ActiveCfg = Debug|Any CPU
		{08EF872D-10FB-4998-8383-AE99F4C17192}.Debug|Any CPU.Build.0 = Debug|Any CPU
		{08EF872D-10FB-4998-8383-AE99F4C17192}.Debug|Any CPU.Deploy.0 = Debug|Any CPU
		{08EF872D-10FB-4998-8383-AE99F4C17192}.Release|Any CPU.ActiveCfg = Release|Any CPU
		{08EF872D-10FB-4998-8383-AE99F4C17192}.Release|Any CPU.Build.0 = Release|Any CPU
		{08EF872D-10FB-4998-8383-AE99F4C17192}.Release|Any CPU.Deploy.0 = Release|Any CPU
		{339E3D77-EF21-40C2-A017-56C17ACC6EC0}.Debug|Any CPU.ActiveCfg = Debug|Any CPU
		{339E3D77-EF21-40C2-A017-56C17ACC6EC0}.Debug|Any CPU.Build.0 = Debug|Any CPU
		{339E3D77-EF21-40C2-A017-56C17ACC6EC0}.Release|Any CPU.ActiveCfg = Release|Any CPU
		{339E3D77-EF21-40C2-A017-56C17ACC6EC0}.Release|Any CPU.Build.0 = Release|Any CPU
		{7E5752AD-4F91-45BB-8042-C271EDF04DEC}.Debug|Any CPU.ActiveCfg = Debug|Any CPU
		{7E5752AD-4F91-45BB-8042-C271EDF04DEC}.Debug|Any CPU.Build.0 = Debug|Any CPU
		{7E5752AD-4F91-45BB-8042-C271EDF04DEC}.Release|Any CPU.ActiveCfg = Release|Any CPU
		{7E5752AD-4F91-45BB-8042-C271EDF04DEC}.Release|Any CPU.Build.0 = Release|Any CPU
		{D8DC17A0-59A4-42E9-8267-A3B2E5E94395}.Debug|Any CPU.ActiveCfg = Debug|Any CPU
		{D8DC17A0-59A4-42E9-8267-A3B2E5E94395}.Debug|Any CPU.Build.0 = Debug|Any CPU
		{D8DC17A0-59A4-42E9-8267-A3B2E5E94395}.Release|Any CPU.ActiveCfg = Release|Any CPU
		{D8DC17A0-59A4-42E9-8267-A3B2E5E94395}.Release|Any CPU.Build.0 = Release|Any CPU
		{DC8BFA1D-F3E3-4F95-9ED6-6536ED64FF53}.Debug|Any CPU.ActiveCfg = Debug|Any CPU
		{DC8BFA1D-F3E3-4F95-9ED6-6536ED64FF53}.Debug|Any CPU.Build.0 = Debug|Any CPU
		{DC8BFA1D-F3E3-4F95-9ED6-6536ED64FF53}.Release|Any CPU.ActiveCfg = Release|Any CPU
		{DC8BFA1D-F3E3-4F95-9ED6-6536ED64FF53}.Release|Any CPU.Build.0 = Release|Any CPU
		{AC8B8F17-6688-4C1C-B11A-1AAC13D869FA}.Debug|Any CPU.ActiveCfg = Debug|Any CPU
		{AC8B8F17-6688-4C1C-B11A-1AAC13D869FA}.Debug|Any CPU.Build.0 = Debug|Any CPU
		{AC8B8F17-6688-4C1C-B11A-1AAC13D869FA}.Release|Any CPU.ActiveCfg = Release|Any CPU
		{AC8B8F17-6688-4C1C-B11A-1AAC13D869FA}.Release|Any CPU.Build.0 = Release|Any CPU
		{7D82A67E-17B7-4073-84B0-27F78FF8EDBE}.Debug|Any CPU.ActiveCfg = Debug|Any CPU
		{7D82A67E-17B7-4073-84B0-27F78FF8EDBE}.Debug|Any CPU.Build.0 = Debug|Any CPU
		{7D82A67E-17B7-4073-84B0-27F78FF8EDBE}.Release|Any CPU.ActiveCfg = Release|Any CPU
		{7D82A67E-17B7-4073-84B0-27F78FF8EDBE}.Release|Any CPU.Build.0 = Release|Any CPU
		{9A189382-A594-4350-89EE-39F72C7B311D}.Debug|Any CPU.ActiveCfg = Debug|Any CPU
		{9A189382-A594-4350-89EE-39F72C7B311D}.Debug|Any CPU.Build.0 = Debug|Any CPU
		{9A189382-A594-4350-89EE-39F72C7B311D}.Release|Any CPU.ActiveCfg = Release|Any CPU
		{9A189382-A594-4350-89EE-39F72C7B311D}.Release|Any CPU.Build.0 = Release|Any CPU
		{9114AF79-F4B1-4F97-8B72-DB8110568926}.Debug|Any CPU.ActiveCfg = Debug|Any CPU
		{9114AF79-F4B1-4F97-8B72-DB8110568926}.Debug|Any CPU.Build.0 = Debug|Any CPU
		{9114AF79-F4B1-4F97-8B72-DB8110568926}.Release|Any CPU.ActiveCfg = Release|Any CPU
		{9114AF79-F4B1-4F97-8B72-DB8110568926}.Release|Any CPU.Build.0 = Release|Any CPU
		{2FD3F128-3DC0-4D4E-BFE7-318D0BEF07F6}.Debug|Any CPU.ActiveCfg = Debug|Any CPU
		{2FD3F128-3DC0-4D4E-BFE7-318D0BEF07F6}.Debug|Any CPU.Build.0 = Debug|Any CPU
		{2FD3F128-3DC0-4D4E-BFE7-318D0BEF07F6}.Release|Any CPU.ActiveCfg = Release|Any CPU
		{2FD3F128-3DC0-4D4E-BFE7-318D0BEF07F6}.Release|Any CPU.Build.0 = Release|Any CPU
		{CA238D76-74A2-4C5C-9A96-A6534457A2BE}.Debug|Any CPU.ActiveCfg = Debug|Any CPU
		{CA238D76-74A2-4C5C-9A96-A6534457A2BE}.Debug|Any CPU.Build.0 = Debug|Any CPU
		{CA238D76-74A2-4C5C-9A96-A6534457A2BE}.Release|Any CPU.ActiveCfg = Release|Any CPU
		{CA238D76-74A2-4C5C-9A96-A6534457A2BE}.Release|Any CPU.Build.0 = Release|Any CPU
		{7B60FAB9-BCA0-4542-B4DB-75F630B58F9D}.Debug|Any CPU.ActiveCfg = Release|Any CPU
		{7B60FAB9-BCA0-4542-B4DB-75F630B58F9D}.Debug|Any CPU.Build.0 = Release|Any CPU
		{7B60FAB9-BCA0-4542-B4DB-75F630B58F9D}.Release|Any CPU.ActiveCfg = Release|Any CPU
		{7B60FAB9-BCA0-4542-B4DB-75F630B58F9D}.Release|Any CPU.Build.0 = Release|Any CPU
		{FB4CD7EA-BEC9-4E13-B475-9CD2DE19CC2A}.Debug|Any CPU.ActiveCfg = Debug|Any CPU
		{FB4CD7EA-BEC9-4E13-B475-9CD2DE19CC2A}.Debug|Any CPU.Build.0 = Debug|Any CPU
		{FB4CD7EA-BEC9-4E13-B475-9CD2DE19CC2A}.Debug|Any CPU.Deploy.0 = Debug|Any CPU
		{FB4CD7EA-BEC9-4E13-B475-9CD2DE19CC2A}.Release|Any CPU.ActiveCfg = Release|Any CPU
		{FB4CD7EA-BEC9-4E13-B475-9CD2DE19CC2A}.Release|Any CPU.Build.0 = Release|Any CPU
		{FB4CD7EA-BEC9-4E13-B475-9CD2DE19CC2A}.Release|Any CPU.Deploy.0 = Release|Any CPU
	EndGlobalSection
	GlobalSection(SolutionProperties) = preSolution
		HideSolutionNode = FALSE
	EndGlobalSection
	GlobalSection(NestedProjects) = preSolution
		{729AB0D1-29A1-439E-A678-E11CC89C0633} = {724871D8-46E7-4280-B828-D6A28360E820}
		{1BEBBA8C-6E13-4F57-89DC-4C466E422BB3} = {724871D8-46E7-4280-B828-D6A28360E820}
		{7E5752AD-4F91-45BB-8042-C271EDF04DEC} = {724871D8-46E7-4280-B828-D6A28360E820}
		{DC8BFA1D-F3E3-4F95-9ED6-6536ED64FF53} = {724871D8-46E7-4280-B828-D6A28360E820}
		{AC8B8F17-6688-4C1C-B11A-1AAC13D869FA} = {724871D8-46E7-4280-B828-D6A28360E820}
		{7B60FAB9-BCA0-4542-B4DB-75F630B58F9D} = {97714005-5BCD-475B-823D-C7744EE49DB2}
	EndGlobalSection
	GlobalSection(ExtensibilityGlobals) = postSolution
		SolutionGuid = {7716D8A4-6E15-41AB-90E0-DE40D69C82EE}
	EndGlobalSection
EndGlobal
